
Microsoft Visual Studio Solution File, Format Version 12.00
# Visual Studio 15
VisualStudioVersion = 15.0.27703.2026
MinimumVisualStudioVersion = 10.0.40219.1
Project("{FAE04EC0-301F-11D3-BF4B-00C04F79EFBC}") = "BetStatusTracker", "BetStatusTracker\BetStatusTracker.csproj", "{EF5D1745-D85C-49A5-9702-D7A46F3C0730}"
EndProject
Global
	GlobalSection(SolutionConfigurationPlatforms) = preSolution
		Debug|Any CPU = Debug|Any CPU
		Release|Any CPU = Release|Any CPU
	EndGlobalSection
	GlobalSection(ProjectConfigurationPlatforms) = postSolution
		{EF5D1745-D85C-49A5-9702-D7A46F3C0730}.Debug|Any CPU.ActiveCfg = Debug|Any CPU
		{EF5D1745-D85C-49A5-9702-D7A46F3C0730}.Debug|Any CPU.Build.0 = Debug|Any CPU
		{EF5D1745-D85C-49A5-9702-D7A46F3C0730}.Release|Any CPU.ActiveCfg = Release|Any CPU
		{EF5D1745-D85C-49A5-9702-D7A46F3C0730}.Release|Any CPU.Build.0 = Release|Any CPU
	EndGlobalSection
	GlobalSection(SolutionProperties) = preSolution
		HideSolutionNode = FALSE
	EndGlobalSection
	GlobalSection(ExtensibilityGlobals) = postSolution
		SolutionGuid = {5F7F107E-FAD8-434C-80E2-367A6A3BA891}
	EndGlobalSection
EndGlobal
